version = 1
revision = 3
requires-python = ">=3.14"

[[package]]
name = "grpcio"
version = "1.78.0"
source = { registry = "https://pypi.org/simple" }
dependencies = [
    { name = "typing-extensions" },
]
sdist = { url = "https://files.pythonhosted.org/packages/06/8a/3d098f35c143a89520e568e6539cc098fcd294495910e359889ce8741c84/grpcio-1.78.0.tar.gz", hash = "sha256:7382b95189546f375c174f53a5fa873cef91c4b8005faa05cc5b3beea9c4f1c5", size = 12852416, upload-time = "2026-02-06T09:57:18.093Z" }
wheels = [
    { url = "https://files.pythonhosted.org/packages/29/f2/b56e43e3c968bfe822fa6ce5bca10d5c723aa40875b48791ce1029bb78c7/grpcio-1.78.0-cp314-cp314-linux_armv7l.whl", hash = "sha256:e87cbc002b6f440482b3519e36e1313eb5443e9e9e73d6a52d43bd2004fcfd8e", size = 5920591, upload-time = "2026-02-06T09:56:20.758Z" },
    { url = "https://files.pythonhosted.org/packages/5d/81/1f3b65bd30c334167bfa8b0d23300a44e2725ce39bba5b76a2460d85f745/grpcio-1.78.0-cp314-cp314-macosx_11_0_universal2.whl", hash = "sha256:c41bc64626db62e72afec66b0c8a0da76491510015417c127bfc53b2fe6d7f7f", size = 11813685, upload-time = "2026-02-06T09:56:24.315Z" },
    { url = "https://files.pythonhosted.org/packages/0e/1c/bbe2f8216a5bd3036119c544d63c2e592bdf4a8ec6e4a1867592f4586b26/grpcio-1.78.0-cp314-cp314-manylinux2014_aarch64.manylinux_2_17_aarch64.whl", hash = "sha256:8dfffba826efcf366b1e3ccc37e67afe676f290e13a3b48d31a46739f80a8724", size = 6487803, upload-time = "2026-02-06T09:56:27.367Z" },
    { url = "https://files.pythonhosted.org/packages/16/5c/a6b2419723ea7ddce6308259a55e8e7593d88464ce8db9f4aa857aba96fa/grpcio-1.78.0-cp314-cp314-manylinux2014_i686.manylinux_2_17_i686.whl", hash = "sha256:74be1268d1439eaaf552c698cdb11cd594f0c49295ae6bb72c34ee31abbe611b", size = 7173206, upload-time = "2026-02-06T09:56:29.876Z" },
    { url = "https://files.pythonhosted.org/packages/df/1e/b8801345629a415ea7e26c83d75eb5dbe91b07ffe5210cc517348a8d4218/grpcio-1.78.0-cp314-cp314-manylinux2014_x86_64.manylinux_2_17_x86_64.whl", hash = "sha256:be63c88b32e6c0f1429f1398ca5c09bc64b0d80950c8bb7807d7d7fb36fb84c7", size = 6693826, upload-time = "2026-02-06T09:56:32.305Z" },
    { url = "https://files.pythonhosted.org/packages/34/84/0de28eac0377742679a510784f049738a80424b17287739fc47d63c2439e/grpcio-1.78.0-cp314-cp314-musllinux_1_2_aarch64.whl", hash = "sha256:3c586ac70e855c721bda8f548d38c3ca66ac791dc49b66a8281a1f99db85e452", size = 7277897, upload-time = "2026-02-06T09:56:34.915Z" },
    { url = "https://files.pythonhosted.org/packages/ca/9c/ad8685cfe20559a9edb66f735afdcb2b7d3de69b13666fdfc542e1916ebd/grpcio-1.78.0-cp314-cp314-musllinux_1_2_i686.whl", hash = "sha256:35eb275bf1751d2ffbd8f57cdbc46058e857cf3971041521b78b7db94bdaf127", size = 8252404, upload-time = "2026-02-06T09:56:37.553Z" },
    { url = "https://files.pythonhosted.org/packages/3c/05/33a7a4985586f27e1de4803887c417ec7ced145ebd069bc38a9607059e2b/grpcio-1.78.0-cp314-cp314-musllinux_1_2_x86_64.whl", hash = "sha256:207db540302c884b8848036b80db352a832b99dfdf41db1eb554c2c2c7800f65", size = 7696837, upload-time = "2026-02-06T09:56:40.173Z" },
    { url = "https://files.pythonhosted.org/packages/73/77/7382241caf88729b106e49e7d18e3116216c778e6a7e833826eb96de22f7/grpcio-1.78.0-cp314-cp314-win32.whl", hash = "sha256:57bab6deef2f4f1ca76cc04565df38dc5713ae6c17de690721bdf30cb1e0545c", size = 4142439, upload-time = "2026-02-06T09:56:43.258Z" },
    { url = "https://files.pythonhosted.org/packages/48/b2/b096ccce418882fbfda4f7496f9357aaa9a5af1896a9a7f60d9f2b275a06/grpcio-1.78.0-cp314-cp314-win_amd64.whl", hash = "sha256:dce09d6116df20a96acfdbf85e4866258c3758180e8c49845d6ba8248b6d0bbb", size = 4929852, upload-time = "2026-02-06T09:56:45.885Z" },
]

[[package]]
name = "grpcio-tools"
version = "1.78.0"
source = { registry = "https://pypi.org/simple" }
dependencies = [
    { name = "grpcio" },
    { name = "protobuf" },
    { name = "setuptools" },
]
sdist = { url = "https://files.pythonhosted.org/packages/8b/d1/cbefe328653f746fd319c4377836a25ba64226e41c6a1d7d5cdbc87a459f/grpcio_tools-1.78.0.tar.gz", hash = "sha256:4b0dd86560274316e155d925158276f8564508193088bc43e20d3f5dff956b2b", size = 5393026, upload-time = "2026-02-06T09:59:59.53Z" }
wheels = [
    { url = "https://files.pythonhosted.org/packages/cf/5e/278f3831c8d56bae02e3acc570465648eccf0a6bbedcb1733789ac966803/grpcio_tools-1.78.0-cp314-cp314-linux_armv7l.whl", hash = "sha256:8b080d0d072e6032708a3a91731b808074d7ab02ca8fb9847b6a011fdce64cd9", size = 2546270, upload-time = "2026-02-06T09:59:07.426Z" },
    { url = "https://files.pythonhosted.org/packages/a3/d9/68582f2952b914b60dddc18a2e3f9c6f09af9372b6f6120d6cf3ec7f8b4e/grpcio_tools-1.78.0-cp314-cp314-macosx_11_0_universal2.whl", hash = "sha256:8c0ad8f8f133145cd7008b49cb611a5c6a9d89ab276c28afa17050516e801f79", size = 5705731, upload-time = "2026-02-06T09:59:09.856Z" },
    { url = "https://files.pythonhosted.org/packages/70/68/feb0f9a48818ee1df1e8b644069379a1e6ef5447b9b347c24e96fd258e5d/grpcio_tools-1.78.0-cp314-cp314-manylinux2014_aarch64.manylinux_2_17_aarch64.whl", hash = "sha256:2f8ea092a7de74c6359335d36f0674d939a3c7e1a550f4c2c9e80e0226de8fe4", size = 2593896, upload-time = "2026-02-06T09:59:12.23Z" },
    { url = "https://files.pythonhosted.org/packages/1f/08/a430d8d06e1b8d33f3e48d3f0cc28236723af2f35e37bd5c8db05df6c3aa/grpcio_tools-1.78.0-cp314-cp314-manylinux2014_i686.manylinux_2_17_i686.whl", hash = "sha256:da422985e0cac822b41822f43429c19ecb27c81ffe3126d0b74e77edec452608", size = 2905298, upload-time = "2026-02-06T09:59:14.458Z" },
    { url = "https://files.pythonhosted.org/packages/71/0a/348c36a3eae101ca0c090c9c3bc96f2179adf59ee0c9262d11cdc7bfe7db/grpcio_tools-1.78.0-cp314-cp314-manylinux2014_x86_64.manylinux_2_17_x86_64.whl", hash = "sha256:4fab1faa3fbcb246263e68da7a8177d73772283f9db063fb8008517480888d26", size = 2656186, upload-time = "2026-02-06T09:59:16.949Z" },
    { url = "https://files.pythonhosted.org/packages/1d/3f/18219f331536fad4af6207ade04142292faa77b5cb4f4463787988963df8/grpcio_tools-1.78.0-cp314-cp314-musllinux_1_2_aarch64.whl", hash = "sha256:dd9c094f73f734becae3f20f27d4944d3cd8fb68db7338ee6c58e62fc5c3d99f", size = 3109859, upload-time = "2026-02-06T09:59:19.202Z" },
    { url = "https://files.pythonhosted.org/packages/5b/d9/341ea20a44c8e5a3a18acc820b65014c2e3ea5b4f32a53d14864bcd236bc/grpcio_tools-1.78.0-cp314-cp314-musllinux_1_2_i686.whl", hash = "sha256:2ed51ce6b833068f6c580b73193fc2ec16468e6bc18354bc2f83a58721195a58", size = 3657915, upload-time = "2026-02-06T09:59:21.839Z" },
    { url = "https://files.pythonhosted.org/packages/fb/f4/5978b0f91611a64371424c109dd0027b247e5b39260abad2eaee66b6aa37/grpcio_tools-1.78.0-cp314-cp314-musllinux_1_2_x86_64.whl", hash = "sha256:05803a5cdafe77c8bdf36aa660ad7a6a1d9e49bc59ce45c1bade2a4698826599", size = 3324724, upload-time = "2026-02-06T09:59:24.402Z" },
    { url = "https://files.pythonhosted.org/packages/b2/80/96a324dba99cfbd20e291baf0b0ae719dbb62b76178c5ce6c788e7331cb1/grpcio_tools-1.78.0-cp314-cp314-win32.whl", hash = "sha256:f7c722e9ce6f11149ac5bddd5056e70aaccfd8168e74e9d34d8b8b588c3f5c7c", size = 1015505, upload-time = "2026-02-06T09:59:26.3Z" },
    { url = "https://files.pythonhosted.org/packages/3b/d1/909e6a05bfd44d46327dc4b8a78beb2bae4fb245ffab2772e350081aaf7e/grpcio_tools-1.78.0-cp314-cp314-win_amd64.whl", hash = "sha256:7d58ade518b546120ec8f0a8e006fc8076ae5df151250ebd7e82e9b5e152c229", size = 1190196, upload-time = "2026-02-06T09:59:28.359Z" },
]

[[package]]
name = "protobuf"
version = "6.33.5"
source = { registry = "https://pypi.org/simple" }
sdist = { url = "https://files.pythonhosted.org/packages/ba/25/7c72c307aafc96fa87062aa6291d9f7c94836e43214d43722e86037aac02/protobuf-6.33.5.tar.gz", hash = "sha256:6ddcac2a081f8b7b9642c09406bc6a4290128fce5f471cddd165960bb9119e5c", size = 444465, upload-time = "2026-01-29T21:51:33.494Z" }
wheels = [
    { url = "https://files.pythonhosted.org/packages/b1/79/af92d0a8369732b027e6d6084251dd8e782c685c72da161bd4a2e00fbabb/protobuf-6.33.5-cp310-abi3-win32.whl", hash = "sha256:d71b040839446bac0f4d162e758bea99c8251161dae9d0983a3b88dee345153b", size = 425769, upload-time = "2026-01-29T21:51:21.751Z" },
    { url = "https://files.pythonhosted.org/packages/55/75/bb9bc917d10e9ee13dee8607eb9ab963b7cf8be607c46e7862c748aa2af7/protobuf-6.33.5-cp310-abi3-win_amd64.whl", hash = "sha256:3093804752167bcab3998bec9f1048baae6e29505adaf1afd14a37bddede533c", size = 437118, upload-time = "2026-01-29T21:51:24.022Z" },
    { url = "https://files.pythonhosted.org/packages/a2/6b/e48dfc1191bc5b52950246275bf4089773e91cb5ba3592621723cdddca62/protobuf-6.33.5-cp39-abi3-macosx_10_9_universal2.whl", hash = "sha256:a5cb85982d95d906df1e2210e58f8e4f1e3cdc088e52c921a041f9c9a0386de5", size = 427766, upload-time = "2026-01-29T21:51:25.413Z" },
    { url = "https://files.pythonhosted.org/packages/4e/b1/c79468184310de09d75095ed1314b839eb2f72df71097db9d1404a1b2717/protobuf-6.33.5-cp39-abi3-manylinux2014_aarch64.whl", hash = "sha256:9b71e0281f36f179d00cbcb119cb19dec4d14a81393e5ea220f64b286173e190", size = 324638, upload-time = "2026-01-29T21:51:26.423Z" },
    { url = "https://files.pythonhosted.org/packages/c5/f5/65d838092fd01c44d16037953fd4c2cc851e783de9b8f02b27ec4ffd906f/protobuf-6.33.5-cp39-abi3-manylinux2014_s390x.whl", hash = "sha256:8afa18e1d6d20af15b417e728e9f60f3aa108ee76f23c3b2c07a2c3b546d3afd", size = 339411, upload-time = "2026-01-29T21:51:27.446Z" },
    { url = "https://files.pythonhosted.org/packages/9b/53/a9443aa3ca9ba8724fdfa02dd1887c1bcd8e89556b715cfbacca6b63dbec/protobuf-6.33.5-cp39-abi3-manylinux2014_x86_64.whl", hash = "sha256:cbf16ba3350fb7b889fca858fb215967792dc125b35c7976ca4818bee3521cf0", size = 323465, upload-time = "2026-01-29T21:51:28.925Z" },
    { url = "https://files.pythonhosted.org/packages/57/bf/2086963c69bdac3d7cff1cc7ff79b8ce5ea0bec6797a017e1be338a46248/protobuf-6.33.5-py3-none-any.whl", hash = "sha256:69915a973dd0f60f31a08b8318b73eab2bd6a392c79184b3612226b0a3f8ec02", size = 170687, upload-time = "2026-01-29T21:51:32.557Z" },
]

[[package]]
name = "setuptools"
version = "82.0.0"
source = { registry = "https://pypi.org/simple" }
sdist = { url = "https://files.pythonhosted.org/packages/82/f3/748f4d6f65d1756b9ae577f329c951cda23fb900e4de9f70900ced962085/setuptools-82.0.0.tar.gz", hash = "sha256:22e0a2d69474c6ae4feb01951cb69d515ed23728cf96d05513d36e42b62b37cb", size = 1144893, upload-time = "2026-02-08T15:08:40.206Z" }
wheels = [
    { url = "https://files.pythonhosted.org/packages/e1/c6/76dc613121b793286a3f91621d7b75a2b493e0390ddca50f11993eadf192/setuptools-82.0.0-py3-none-any.whl", hash = "sha256:70b18734b607bd1da571d097d236cfcfacaf01de45717d59e6e04b96877532e0", size = 1003468, upload-time = "2026-02-08T15:08:38.723Z" },
]

[[package]]
name = "thrippy"
version = "1.0.0"
source = { editable = "." }
dependencies = [
    { name = "grpcio" },
]

[package.dev-dependencies]
dev = [
    { name = "grpcio-tools" },
]

[package.metadata]
requires-dist = [{ name = "grpcio", specifier = "~=1.78" }]

[package.metadata.requires-dev]
dev = [{ name = "grpcio-tools", specifier = "~=1.78" }]

[[package]]
name = "typing-extensions"
version = "4.15.0"
source = { registry = "https://pypi.org/simple" }
sdist = { url = "https://files.pythonhosted.org/packages/72/94/1a15dd82efb362ac84269196e94cf00f187f7ed21c242792a923cdb1c61f/typing_extensions-4.15.0.tar.gz", hash = "sha256:0cea48d173cc12fa28ecabc3b837ea3cf6f38c6d1136f85cbaaf598984861466", size = 109391, upload-time = "2025-08-25T13:49:26.313Z" }
wheels = [
    { url = "https://files.pythonhosted.org/packages/18/67/36e9267722cc04a6b9f15c7f3441c2363321a3ea07da7ae0c0707beb2a9c/typing_extensions-4.15.0-py3-none-any.whl", hash = "sha256:f0fa19c6845758ab08074a0cfa8b7aecb71c999ca73d62883bc25cc018c4e548", size = 44614, upload-time = "2025-08-25T13:49:24.86Z" },
]
